
Microsoft Visual Studio Solution File, Format Version 12.00
# Visual Studio Version 16
VisualStudioVersion = 16.0.30225.117
MinimumVisualStudioVersion = 10.0.40219.1
Project("{FAE04EC0-301F-11D3-BF4B-00C04F79EFBC}") = "CodeFirstMigrationExample", "CodeFirstMigrationExample.csproj", "{EF3F242B-9D2B-4E4B-AFF0-F9583A11026E}"
EndProject
Global
	GlobalSection(SolutionConfigurationPlatforms) = preSolution
		Debug|Any CPU = Debug|Any CPU
		Release|Any CPU = Release|Any CPU
	EndGlobalSection
	GlobalSection(ProjectConfigurationPlatforms) = postSolution
		{EF3F242B-9D2B-4E4B-AFF0-F9583A11026E}.Debug|Any CPU.ActiveCfg = Debug|Any CPU
		{EF3F242B-9D2B-4E4B-AFF0-F9583A11026E}.Debug|Any CPU.Build.0 = Debug|Any CPU
		{EF3F242B-9D2B-4E4B-AFF0-F9583A11026E}.Release|Any CPU.ActiveCfg = Release|Any CPU
		{EF3F242B-9D2B-4E4B-AFF0-F9583A11026E}.Release|Any CPU.Build.0 = Release|Any CPU
	EndGlobalSection
	GlobalSection(SolutionProperties) = preSolution
		HideSolutionNode = FALSE
	EndGlobalSection
	GlobalSection(ExtensibilityGlobals) = postSolution
		SolutionGuid = {330082C4-F5DE-4E54-A7FF-BFD695C91E2D}
	EndGlobalSection
EndGlobal
